
Microsoft Visual Studio Solution File, Format Version 12.00
# Visual Studio Version 17
VisualStudioVersion = 17.0.31903.59
MinimumVisualStudioVersion = 10.0.40219.1
Project("{FAE04EC0-301F-11D3-BF4B-00C04F79EFBC}") = "MazeWars.Client", "MazeWars.Client.csproj", "{8B5F2A1C-3E4D-4F6A-9C2B-1D7E8F9A0B3C}"
EndProject
Global
	GlobalSection(SolutionConfigurationPlatforms) = preSolution
		Debug|Any CPU = Debug|Any CPU
		ExportDebug|Any CPU = ExportDebug|Any CPU
		ExportRelease|Any CPU = ExportRelease|Any CPU
	EndGlobalSection
	GlobalSection(ProjectConfigurationPlatforms) = postSolution
		{8B5F2A1C-3E4D-4F6A-9C2B-1D7E8F9A0B3C}.Debug|Any CPU.ActiveCfg = Debug|Any CPU
		{8B5F2A1C-3E4D-4F6A-9C2B-1D7E8F9A0B3C}.Debug|Any CPU.Build.0 = Debug|Any CPU
		{8B5F2A1C-3E4D-4F6A-9C2B-1D7E8F9A0B3C}.ExportDebug|Any CPU.ActiveCfg = ExportDebug|Any CPU
		{8B5F2A1C-3E4D-4F6A-9C2B-1D7E8F9A0B3C}.ExportDebug|Any CPU.Build.0 = ExportDebug|Any CPU
		{8B5F2A1C-3E4D-4F6A-9C2B-1D7E8F9A0B3C}.ExportRelease|Any CPU.ActiveCfg = ExportRelease|Any CPU
		{8B5F2A1C-3E4D-4F6A-9C2B-1D7E8F9A0B3C}.ExportRelease|Any CPU.Build.0 = ExportRelease|Any CPU
	EndGlobalSection
EndGlobal
